
Microsoft Visual Studio Solution File, Format Version 12.00
# Visual Studio Version 17
VisualStudioVersion = 17.0.31903.59
MinimumVisualStudioVersion = 10.0.40219.1
Project("{FAE04EC0-301F-11D3-BF4B-00C04F79EFBC}") = "RefactorCli", "RefactorCli\RefactorCli.csproj", "{FA8E513E-ACF5-4981-B5DC-043D1A5BFEAF}"
EndProject
Project("{FAE04EC0-301F-11D3-BF4B-00C04F79EFBC}") = "RefactorCli.Abstractions", "RefactorCli.Abstractions\RefactorCli.Abstractions.csproj", "{1277EEA3-3779-48DD-A3F8-8BD5F5BA993B}"
EndProject
Project("{FAE04EC0-301F-11D3-BF4B-00C04F79EFBC}") = "RefactorCli.Infrastructure", "RefactorCli.Infrastructure\RefactorCli.Infrastructure.csproj", "{51268BDB-B40C-419A-8CCB-0CFB8097B2E6}"
EndProject
Project("{FAE04EC0-301F-11D3-BF4B-00C04F79EFBC}") = "RefactorCli.Commands.SystemWebCatalog", "RefactorCli.Commands.SystemWebCatalog\RefactorCli.Commands.SystemWebCatalog.csproj", "{F3AE62AC-BCA4-43F3-A333-199543433893}"
EndProject
Project("{FAE04EC0-301F-11D3-BF4B-00C04F79EFBC}") = "RefactorCli.Tests", "RefactorCli.Tests\RefactorCli.Tests.csproj", "{B7FD1861-BB83-4309-92BF-9E54E59067F1}"
EndProject
Project("{FAE04EC0-301F-11D3-BF4B-00C04F79EFBC}") = "RefactorCli.SampleLegacyWeb", "RefactorCli.SampleLegacyWeb\RefactorCli.SampleLegacyWeb.csproj", "{E3155D95-DA38-4372-A7DC-4CAC4E4E2894}"
EndProject
Project("{FAE04EC0-301F-11D3-BF4B-00C04F79EFBC}") = "RefactorCli.SampleSystemWebShim", "RefactorCli.SampleSystemWebShim\RefactorCli.SampleSystemWebShim.csproj", "{7292AD71-07D1-4290-A3C0-57C284C0C144}"
EndProject
Project("{FAE04EC0-301F-11D3-BF4B-00C04F79EFBC}") = "RefactorCli.Commands.DependencyGraph", "RefactorCli.Commands.DependencyGraph\RefactorCli.Commands.DependencyGraph.csproj", "{81C008A4-8B36-422F-88D8-142C082871B8}"
EndProject
Project("{FAE04EC0-301F-11D3-BF4B-00C04F79EFBC}") = "RefactorCli.Commands.DeadCode", "RefactorCli.Commands.DeadCode\RefactorCli.Commands.DeadCode.csproj", "{62432587-7591-4D09-AE7B-0DCD20CD0344}"
EndProject
Global
	GlobalSection(SolutionConfigurationPlatforms) = preSolution
		Debug|Any CPU = Debug|Any CPU
		Release|Any CPU = Release|Any CPU
	EndGlobalSection
	GlobalSection(SolutionProperties) = preSolution
		HideSolutionNode = FALSE
	EndGlobalSection
	GlobalSection(ProjectConfigurationPlatforms) = postSolution
		{FA8E513E-ACF5-4981-B5DC-043D1A5BFEAF}.Debug|Any CPU.ActiveCfg = Debug|Any CPU
		{FA8E513E-ACF5-4981-B5DC-043D1A5BFEAF}.Debug|Any CPU.Build.0 = Debug|Any CPU
		{FA8E513E-ACF5-4981-B5DC-043D1A5BFEAF}.Release|Any CPU.ActiveCfg = Release|Any CPU
		{FA8E513E-ACF5-4981-B5DC-043D1A5BFEAF}.Release|Any CPU.Build.0 = Release|Any CPU
		{1277EEA3-3779-48DD-A3F8-8BD5F5BA993B}.Debug|Any CPU.ActiveCfg = Debug|Any CPU
		{1277EEA3-3779-48DD-A3F8-8BD5F5BA993B}.Debug|Any CPU.Build.0 = Debug|Any CPU
		{1277EEA3-3779-48DD-A3F8-8BD5F5BA993B}.Release|Any CPU.ActiveCfg = Release|Any CPU
		{1277EEA3-3779-48DD-A3F8-8BD5F5BA993B}.Release|Any CPU.Build.0 = Release|Any CPU
		{51268BDB-B40C-419A-8CCB-0CFB8097B2E6}.Debug|Any CPU.ActiveCfg = Debug|Any CPU
		{51268BDB-B40C-419A-8CCB-0CFB8097B2E6}.Debug|Any CPU.Build.0 = Debug|Any CPU
		{51268BDB-B40C-419A-8CCB-0CFB8097B2E6}.Release|Any CPU.ActiveCfg = Release|Any CPU
		{51268BDB-B40C-419A-8CCB-0CFB8097B2E6}.Release|Any CPU.Build.0 = Release|Any CPU
		{F3AE62AC-BCA4-43F3-A333-199543433893}.Debug|Any CPU.ActiveCfg = Debug|Any CPU
		{F3AE62AC-BCA4-43F3-A333-199543433893}.Debug|Any CPU.Build.0 = Debug|Any CPU
		{F3AE62AC-BCA4-43F3-A333-199543433893}.Release|Any CPU.ActiveCfg = Release|Any CPU
		{F3AE62AC-BCA4-43F3-A333-199543433893}.Release|Any CPU.Build.0 = Release|Any CPU
		{B7FD1861-BB83-4309-92BF-9E54E59067F1}.Debug|Any CPU.ActiveCfg = Debug|Any CPU
		{B7FD1861-BB83-4309-92BF-9E54E59067F1}.Debug|Any CPU.Build.0 = Debug|Any CPU
		{B7FD1861-BB83-4309-92BF-9E54E59067F1}.Release|Any CPU.ActiveCfg = Release|Any CPU
		{B7FD1861-BB83-4309-92BF-9E54E59067F1}.Release|Any CPU.Build.0 = Release|Any CPU
		{E3155D95-DA38-4372-A7DC-4CAC4E4E2894}.Debug|Any CPU.ActiveCfg = Debug|Any CPU
		{E3155D95-DA38-4372-A7DC-4CAC4E4E2894}.Debug|Any CPU.Build.0 = Debug|Any CPU
		{E3155D95-DA38-4372-A7DC-4CAC4E4E2894}.Release|Any CPU.ActiveCfg = Release|Any CPU
		{E3155D95-DA38-4372-A7DC-4CAC4E4E2894}.Release|Any CPU.Build.0 = Release|Any CPU
		{7292AD71-07D1-4290-A3C0-57C284C0C144}.Debug|Any CPU.ActiveCfg = Debug|Any CPU
		{7292AD71-07D1-4290-A3C0-57C284C0C144}.Debug|Any CPU.Build.0 = Debug|Any CPU
		{7292AD71-07D1-4290-A3C0-57C284C0C144}.Release|Any CPU.ActiveCfg = Release|Any CPU
		{7292AD71-07D1-4290-A3C0-57C284C0C144}.Release|Any CPU.Build.0 = Release|Any CPU
		{81C008A4-8B36-422F-88D8-142C082871B8}.Debug|Any CPU.ActiveCfg = Debug|Any CPU
		{81C008A4-8B36-422F-88D8-142C082871B8}.Debug|Any CPU.Build.0 = Debug|Any CPU
		{81C008A4-8B36-422F-88D8-142C082871B8}.Release|Any CPU.ActiveCfg = Release|Any CPU
		{81C008A4-8B36-422F-88D8-142C082871B8}.Release|Any CPU.Build.0 = Release|Any CPU
		{62432587-7591-4D09-AE7B-0DCD20CD0344}.Debug|Any CPU.ActiveCfg = Debug|Any CPU
		{62432587-7591-4D09-AE7B-0DCD20CD0344}.Debug|Any CPU.Build.0 = Debug|Any CPU
		{62432587-7591-4D09-AE7B-0DCD20CD0344}.Release|Any CPU.ActiveCfg = Release|Any CPU
		{62432587-7591-4D09-AE7B-0DCD20CD0344}.Release|Any CPU.Build.0 = Release|Any CPU
	EndGlobalSection
EndGlobal
